// !$*UTF8*$!
{
	archiveVersion = 1;
	classes = {
	};
	objectVersion = 50;
	objects = {

/* Begin PBXBuildFile section */
		84078D4F22EDD14400F81272 /* EditTaskTableViewController.swift in Sources */ = {isa = PBXBuildFile; fileRef = 84078D4E22EDD14400F81272 /* EditTaskTableViewController.swift */; };
		840791C122ECEE57002E0BFE /* AppDelegate.swift in Sources */ = {isa = PBXBuildFile; fileRef = 840791C022ECEE57002E0BFE /* AppDelegate.swift */; };
		840791C622ECEE57002E0BFE /* Main.storyboard in Resources */ = {isa = PBXBuildFile; fileRef = 840791C422ECEE57002E0BFE /* Main.storyboard */; };
		840791C922ECEE57002E0BFE /* Deals.xcdatamodeld in Sources */ = {isa = PBXBuildFile; fileRef = 840791C722ECEE57002E0BFE /* Deals.xcdatamodeld */; };
		840791CB22ECEE5B002E0BFE /* Assets.xcassets in Resources */ = {isa = PBXBuildFile; fileRef = 840791CA22ECEE5B002E0BFE /* Assets.xcassets */; };
		840791CE22ECEE5B002E0BFE /* LaunchScreen.storyboard in Resources */ = {isa = PBXBuildFile; fileRef = 840791CC22ECEE5B002E0BFE /* LaunchScreen.storyboard */; };
		840791D622ECFD7B002E0BFE /* MainTableViewController.swift in Sources */ = {isa = PBXBuildFile; fileRef = 840791D522ECFD7B002E0BFE /* MainTableViewController.swift */; };
		840791D822ECFD9A002E0BFE /* InfoTableViewController.swift in Sources */ = {isa = PBXBuildFile; fileRef = 840791D722ECFD9A002E0BFE /* InfoTableViewController.swift */; };
		840791DA22ECFDB2002E0BFE /* MapViewController.swift in Sources */ = {isa = PBXBuildFile; fileRef = 840791D922ECFDB2002E0BFE /* MapViewController.swift */; };
		840791DE22ECFDD7002E0BFE /* MainTableViewCell.swift in Sources */ = {isa = PBXBuildFile; fileRef = 840791DD22ECFDD6002E0BFE /* MainTableViewCell.swift */; };
		84080A2D22F1E14C00F750D2 /* dataDeleate.swift in Sources */ = {isa = PBXBuildFile; fileRef = 84080A2C22F1E14C00F750D2 /* dataDeleate.swift */; };
		840CBD6122FB4D05008A8C66 /* dataFirstGet.swift in Sources */ = {isa = PBXBuildFile; fileRef = 840CBD6022FB4D05008A8C66 /* dataFirstGet.swift */; };
		84F9DF8F22EF55F9004E9670 /* dataGet.swift in Sources */ = {isa = PBXBuildFile; fileRef = 84F9DF8E22EF55F9004E9670 /* dataGet.swift */; };
		84FA834722F1F5DA007FFFAA /* mapViewImage.swift in Sources */ = {isa = PBXBuildFile; fileRef = 84FA834622F1F5DA007FFFAA /* mapViewImage.swift */; };
		84FEDC5B22FDE17900C66511 /* notifications.swift in Sources */ = {isa = PBXBuildFile; fileRef = 84FEDC5A22FDE17900C66511 /* notifications.swift */; };
/* End PBXBuildFile section */

/* Begin PBXFileReference section */
		84078D4E22EDD14400F81272 /* EditTaskTableViewController.swift */ = {isa = PBXFileReference; lastKnownFileType = sourcecode.swift; path = EditTaskTableViewController.swift; sourceTree = "<group>"; };
		840791BD22ECEE57002E0BFE /* Deals.app */ = {isa = PBXFileReference; explicitFileType = wrapper.application; includeInIndex = 0; path = Deals.app; sourceTree = BUILT_PRODUCTS_DIR; };
		840791C022ECEE57002E0BFE /* AppDelegate.swift */ = {isa = PBXFileReference; lastKnownFileType = sourcecode.swift; path = AppDelegate.swift; sourceTree = "<group>"; };
		840791C522ECEE57002E0BFE /* Base */ = {isa = PBXFileReference; lastKnownFileType = file.storyboard; name = Base; path = Base.lproj/Main.storyboard; sourceTree = "<group>"; };
		840791C822ECEE57002E0BFE /* Deals.xcdatamodel */ = {isa = PBXFileReference; lastKnownFileType = wrapper.xcdatamodel; path = Deals.xcdatamodel; sourceTree = "<group>"; };
		840791CA22ECEE5B002E0BFE /* Assets.xcassets */ = {isa = PBXFileReference; lastKnownFileType = folder.assetcatalog; path = Assets.xcassets; sourceTree = "<group>"; };
		840791CD22ECEE5B002E0BFE /* Base */ = {isa = PBXFileReference; lastKnownFileType = file.storyboard; name = Base; path = Base.lproj/LaunchScreen.storyboard; sourceTree = "<group>"; };
		840791CF22ECEE5B002E0BFE /* Info.plist */ = {isa = PBXFileReference; lastKnownFileType = text.plist.xml; path = Info.plist; sourceTree = "<group>"; };
		840791D522ECFD7B002E0BFE /* MainTableViewController.swift */ = {isa = PBXFileReference; lastKnownFileType = sourcecode.swift; path = MainTableViewController.swift; sourceTree = "<group>"; };
		840791D722ECFD9A002E0BFE /* InfoTableViewController.swift */ = {isa = PBXFileReference; lastKnownFileType = sourcecode.swift; path = InfoTableViewController.swift; sourceTree = "<group>"; };
		840791D922ECFDB2002E0BFE /* MapViewController.swift */ = {isa = PBXFileReference; lastKnownFileType = sourcecode.swift; path = MapViewController.swift; sourceTree = "<group>"; };
		840791DD22ECFDD6002E0BFE /* MainTableViewCell.swift */ = {isa = PBXFileReference; lastKnownFileType = sourcecode.swift; path = MainTableViewCell.swift; sourceTree = "<group>"; };
		84080A2C22F1E14C00F750D2 /* dataDeleate.swift */ = {isa = PBXFileReference; lastKnownFileType = sourcecode.swift; path = dataDeleate.swift; sourceTree = "<group>"; };
		840CBD6022FB4D05008A8C66 /* dataFirstGet.swift */ = {isa = PBXFileReference; lastKnownFileType = sourcecode.swift; path = dataFirstGet.swift; sourceTree = "<group>"; };
		84F9DF8E22EF55F9004E9670 /* dataGet.swift */ = {isa = PBXFileReference; lastKnownFileType = sourcecode.swift; path = dataGet.swift; sourceTree = "<group>"; };
		84FA834622F1F5DA007FFFAA /* mapViewImage.swift */ = {isa = PBXFileReference; lastKnownFileType = sourcecode.swift; path = mapViewImage.swift; sourceTree = "<group>"; };
		84FEDC5A22FDE17900C66511 /* notifications.swift */ = {isa = PBXFileReference; lastKnownFileType = sourcecode.swift; path = notifications.swift; sourceTree = "<group>"; };
/* End PBXFileReference section */

/* Begin PBXFrameworksBuildPhase section */
		840791BA22ECEE57002E0BFE /* Frameworks */ = {
			isa = PBXFrameworksBuildPhase;
			buildActionMask = 2147483647;
			files = (
			);
			runOnlyForDeploymentPostprocessing = 0;
		};
/* End PBXFrameworksBuildPhase section */

/* Begin PBXGroup section */
		84078D5022EDD15000F81272 /* Edit */ = {
			isa = PBXGroup;
			children = (
				84078D4E22EDD14400F81272 /* EditTaskTableViewController.swift */,
			);
			path = Edit;
			sourceTree = "<group>";
		};
		840791B422ECEE57002E0BFE = {
			isa = PBXGroup;
			children = (
				840791BF22ECEE57002E0BFE /* Deals */,
			);
			sourceTree = "<group>";
		};
		840791BE22ECEE57002E0BFE /* Products */ = {
			isa = PBXGroup;
			children = (
				840791BD22ECEE57002E0BFE /* Deals.app */,
			);
			name = Products;
			path = ..;
			sourceTree = "<group>";
		};
		840791BF22ECEE57002E0BFE /* Deals */ = {
			isa = PBXGroup;
			children = (
				840791C022ECEE57002E0BFE /* AppDelegate.swift */,
				840791E022ECFE2D002E0BFE /* mainTable */,
				840791DF22ECFE21002E0BFE /* infoTable */,
				84078D5022EDD15000F81272 /* Edit */,
				84F9DF9022EF63A1004E9670 /* DataBaseService */,
				840791E122ECFE36002E0BFE /* mapView */,
				840791C422ECEE57002E0BFE /* Main.storyboard */,
				840791C722ECEE57002E0BFE /* Deals.xcdatamodeld */,
				840791CA22ECEE5B002E0BFE /* Assets.xcassets */,
				840791CF22ECEE5B002E0BFE /* Info.plist */,
				840791CC22ECEE5B002E0BFE /* LaunchScreen.storyboard */,
				840791BE22ECEE57002E0BFE /* Products */,
			);
			path = Deals;
			sourceTree = "<group>";
		};
		840791DF22ECFE21002E0BFE /* infoTable */ = {
			isa = PBXGroup;
			children = (
				840791D722ECFD9A002E0BFE /* InfoTableViewController.swift */,
			);
			path = infoTable;
			sourceTree = "<group>";
		};
		840791E022ECFE2D002E0BFE /* mainTable */ = {
			isa = PBXGroup;
			children = (
				840791D522ECFD7B002E0BFE /* MainTableViewController.swift */,
				84FEDC5A22FDE17900C66511 /* notifications.swift */,
				840791DD22ECFDD6002E0BFE /* MainTableViewCell.swift */,
			);
			path = mainTable;
			sourceTree = "<group>";
		};
		840791E122ECFE36002E0BFE /* mapView */ = {
			isa = PBXGroup;
			children = (
				840791D922ECFDB2002E0BFE /* MapViewController.swift */,
				84FA834622F1F5DA007FFFAA /* mapViewImage.swift */,
			);
			path = mapView;
			sourceTree = "<group>";
		};
		84F9DF9022EF63A1004E9670 /* DataBaseService */ = {
			isa = PBXGroup;
			children = (
				84F9DF8E22EF55F9004E9670 /* dataGet.swift */,
				84080A2C22F1E14C00F750D2 /* dataDeleate.swift */,
				840CBD6022FB4D05008A8C66 /* dataFirstGet.swift */,
			);
			path = DataBaseService;
			sourceTree = "<group>";
		};
/* End PBXGroup section */

/* Begin PBXNativeTarget section */
		840791BC22ECEE57002E0BFE /* Deals */ = {
			isa = PBXNativeTarget;
			buildConfigurationList = 840791D222ECEE5B002E0BFE /* Build configuration list for PBXNativeTarget "Deals" */;
			buildPhases = (
				840791B922ECEE57002E0BFE /* Sources */,
				840791BA22ECEE57002E0BFE /* Frameworks */,
				840791BB22ECEE57002E0BFE /* Resources */,
			);
			buildRules = (
			);
			dependencies = (
			);
			name = Deals;
			productName = Deals;
			productReference = 840791BD22ECEE57002E0BFE /* Deals.app */;
			productType = "com.apple.product-type.application";
		};
/* End PBXNativeTarget section */

/* Begin PBXProject section */
		840791B522ECEE57002E0BFE /* Project object */ = {
			isa = PBXProject;
			attributes = {
				LastSwiftUpdateCheck = 1020;
				LastUpgradeCheck = 1020;
				ORGANIZATIONNAME = admin;
				TargetAttributes = {
					840791BC22ECEE57002E0BFE = {
						CreatedOnToolsVersion = 10.2.1;
					};
				};
			};
			buildConfigurationList = 840791B822ECEE57002E0BFE /* Build configuration list for PBXProject "Deals" */;
			compatibilityVersion = "Xcode 9.3";
			developmentRegion = en;
			hasScannedForEncodings = 0;
			knownRegions = (
				en,
				Base,
			);
			mainGroup = 840791B422ECEE57002E0BFE;
			productRefGroup = 840791BE22ECEE57002E0BFE /* Products */;
			projectDirPath = "";
			projectRoot = "";
			targets = (
				840791BC22ECEE57002E0BFE /* Deals */,
			);
		};
/* End PBXProject section */

/* Begin PBXResourcesBuildPhase section */
		840791BB22ECEE57002E0BFE /* Resources */ = {
			isa = PBXResourcesBuildPhase;
			buildActionMask = 2147483647;
			files = (
				840791CE22ECEE5B002E0BFE /* LaunchScreen.storyboard in Resources */,
				840791CB22ECEE5B002E0BFE /* Assets.xcassets in Resources */,
				840791C622ECEE57002E0BFE /* Main.storyboard in Resources */,
			);
			runOnlyForDeploymentPostprocessing = 0;
		};
/* End PBXResourcesBuildPhase section */

/* Begin PBXSourcesBuildPhase section */
		840791B922ECEE57002E0BFE /* Sources */ = {
			isa = PBXSourcesBuildPhase;
			buildActionMask = 2147483647;
			files = (
				840791D622ECFD7B002E0BFE /* MainTableViewController.swift in Sources */,
				84FA834722F1F5DA007FFFAA /* mapViewImage.swift in Sources */,
				840791DA22ECFDB2002E0BFE /* MapViewController.swift in Sources */,
				84078D4F22EDD14400F81272 /* EditTaskTableViewController.swift in Sources */,
				84FEDC5B22FDE17900C66511 /* notifications.swift in Sources */,
				840791DE22ECFDD7002E0BFE /* MainTableViewCell.swift in Sources */,
				84080A2D22F1E14C00F750D2 /* dataDeleate.swift in Sources */,
				840791D822ECFD9A002E0BFE /* InfoTableViewController.swift in Sources */,
				840791C122ECEE57002E0BFE /* AppDelegate.swift in Sources */,
				840791C922ECEE57002E0BFE /* Deals.xcdatamodeld in Sources */,
				84F9DF8F22EF55F9004E9670 /* dataGet.swift in Sources */,
				840CBD6122FB4D05008A8C66 /* dataFirstGet.swift in Sources */,
			);
			runOnlyForDeploymentPostprocessing = 0;
		};
/* End PBXSourcesBuildPhase section */

/* Begin PBXVariantGroup section */
		840791C422ECEE57002E0BFE /* Main.storyboard */ = {
			isa = PBXVariantGroup;
			children = (
				840791C522ECEE57002E0BFE /* Base */,
			);
			name = Main.storyboard;
			sourceTree = "<group>";
		};
		840791CC22ECEE5B002E0BFE /* LaunchScreen.storyboard */ = {
			isa = PBXVariantGroup;
			children = (
				840791CD22ECEE5B002E0BFE /* Base */,
			);
			name = LaunchScreen.storyboard;
			sourceTree = "<group>";
		};
/* End PBXVariantGroup section */

/* Begin XCBuildConfiguration section */
		840791D022ECEE5B002E0BFE /* Debug */ = {
			isa = XCBuildConfiguration;
			buildSettings = {
				ALWAYS_SEARCH_USER_PATHS = NO;
				CLANG_ANALYZER_NONNULL = YES;
				CLANG_ANALYZER_NUMBER_OBJECT_CONVERSION = YES_AGGRESSIVE;
				CLANG_CXX_LANGUAGE_STANDARD = "gnu++14";
				CLANG_CXX_LIBRARY = "libc++";
				CLANG_ENABLE_MODULES = YES;
				CLANG_ENABLE_OBJC_ARC = YES;
				CLANG_ENABLE_OBJC_WEAK = YES;
				CLANG_WARN_BLOCK_CAPTURE_AUTORELEASING = YES;
				CLANG_WARN_BOOL_CONVERSION = YES;
				CLANG_WARN_COMMA = YES;
				CLANG_WARN_CONSTANT_CONVERSION = YES;
				CLANG_WARN_DEPRECATED_OBJC_IMPLEMENTATIONS = YES;
				CLANG_WARN_DIRECT_OBJC_ISA_USAGE = YES_ERROR;
				CLANG_WARN_DOCUMENTATION_COMMENTS = YES;
				CLANG_WARN_EMPTY_BODY = YES;
				CLANG_WARN_ENUM_CONVERSION = YES;
				CLANG_WARN_INFINITE_RECURSION = YES;
				CLANG_WARN_INT_CONVERSION = YES;
				CLANG_WARN_NON_LITERAL_NULL_CONVERSION = YES;
				CLANG_WARN_OBJC_IMPLICIT_RETAIN_SELF = YES;
				CLANG_WARN_OBJC_LITERAL_CONVERSION = YES;
				CLANG_WARN_OBJC_ROOT_CLASS = YES_ERROR;
				CLANG_WARN_RANGE_LOOP_ANALYSIS = YES;
				CLANG_WARN_STRICT_PROTOTYPES = YES;
				CLANG_WARN_SUSPICIOUS_MOVE = YES;
				CLANG_WARN_UNGUARDED_AVAILABILITY = YES_AGGRESSIVE;
				CLANG_WARN_UNREACHABLE_CODE = YES;
				CLANG_WARN__DUPLICATE_METHOD_MATCH = YES;
				CODE_SIGN_IDENTITY = "iPhone Developer";
				COPY_PHASE_STRIP = NO;
				DEBUG_INFORMATION_FORMAT = dwarf;
				ENABLE_STRICT_OBJC_MSGSEND = YES;
				ENABLE_TESTABILITY = YES;
				GCC_C_LANGUAGE_STANDARD = gnu11;
				GCC_DYNAMIC_NO_PIC = NO;
				GCC_NO_COMMON_BLOCKS = YES;
				GCC_OPTIMIZATION_LEVEL = 0;
				GCC_PREPROCESSOR_DEFINITIONS = (
					"DEBUG=1",
					"$(inherited)",
				);
				GCC_WARN_64_TO_32_BIT_CONVERSION = YES;
				GCC_WARN_ABOUT_RETURN_TYPE = YES_ERROR;
				GCC_WARN_UNDECLARED_SELECTOR = YES;
				GCC_WARN_UNINITIALIZED_AUTOS = YES_AGGRESSIVE;
				GCC_WARN_UNUSED_FUNCTION = YES;
				GCC_WARN_UNUSED_VARIABLE = YES;
				IPHONEOS_DEPLOYMENT_TARGET = 12.2;
				MTL_ENABLE_DEBUG_INFO = INCLUDE_SOURCE;
				MTL_FAST_MATH = YES;
				ONLY_ACTIVE_ARCH = YES;
				SDKROOT = iphoneos;
				SWIFT_ACTIVE_COMPILATION_CONDITIONS = DEBUG;
				SWIFT_OPTIMIZATION_LEVEL = "-Onone";
			};
			name = Debug;
		};
		840791D122ECEE5B002E0BFE /* Release */ = {
			isa = XCBuildConfiguration;
			buildSettings = {
				ALWAYS_SEARCH_USER_PATHS = NO;
				CLANG_ANALYZER_NONNULL = YES;
				CLANG_ANALYZER_NUMBER_OBJECT_CONVERSION = YES_AGGRESSIVE;
				CLANG_CXX_LANGUAGE_STANDARD = "gnu++14";
				CLANG_CXX_LIBRARY = "libc++";
				CLANG_ENABLE_MODULES = YES;
				CLANG_ENABLE_OBJC_ARC = YES;
				CLANG_ENABLE_OBJC_WEAK = YES;
				CLANG_WARN_BLOCK_CAPTURE_AUTORELEASING = YES;
				CLANG_WARN_BOOL_CONVERSION = YES;
				CLANG_WARN_COMMA = YES;
				CLANG_WARN_CONSTANT_CONVERSION = YES;
				CLANG_WARN_DEPRECATED_OBJC_IMPLEMENTATIONS = YES;
				CLANG_WARN_DIRECT_OBJC_ISA_USAGE = YES_ERROR;
				CLANG_WARN_DOCUMENTATION_COMMENTS = YES;
				CLANG_WARN_EMPTY_BODY = YES;
				CLANG_WARN_ENUM_CONVERSION = YES;
				CLANG_WARN_INFINITE_RECURSION = YES;
				CLANG_WARN_INT_CONVERSION = YES;
				CLANG_WARN_NON_LITERAL_NULL_CONVERSION = YES;
				CLANG_WARN_OBJC_IMPLICIT_RETAIN_SELF = YES;
				CLANG_WARN_OBJC_LITERAL_CONVERSION = YES;
				CLANG_WARN_OBJC_ROOT_CLASS = YES_ERROR;
				CLANG_WARN_RANGE_LOOP_ANALYSIS = YES;
				CLANG_WARN_STRICT_PROTOTYPES = YES;
				CLANG_WARN_SUSPICIOUS_MOVE = YES;
				CLANG_WARN_UNGUARDED_AVAILABILITY = YES_AGGRESSIVE;
				CLANG_WARN_UNREACHABLE_CODE = YES;
				CLANG_WARN__DUPLICATE_METHOD_MATCH = YES;
				CODE_SIGN_IDENTITY = "iPhone Developer";
				COPY_PHASE_STRIP = NO;
				DEBUG_INFORMATION_FORMAT = "dwarf-with-dsym";
				ENABLE_NS_ASSERTIONS = NO;
				ENABLE_STRICT_OBJC_MSGSEND = YES;
				GCC_C_LANGUAGE_STANDARD = gnu11;
				GCC_NO_COMMON_BLOCKS = YES;
				GCC_WARN_64_TO_32_BIT_CONVERSION = YES;
				GCC_WARN_ABOUT_RETURN_TYPE = YES_ERROR;
				GCC_WARN_UNDECLARED_SELECTOR = YES;
				GCC_WARN_UNINITIALIZED_AUTOS = YES_AGGRESSIVE;
				GCC_WARN_UNUSED_FUNCTION = YES;
				GCC_WARN_UNUSED_VARIABLE = YES;
				IPHONEOS_DEPLOYMENT_TARGET = 12.2;
				MTL_ENABLE_DEBUG_INFO = NO;
				MTL_FAST_MATH = YES;
				SDKROOT = iphoneos;
				SWIFT_COMPILATION_MODE = wholemodule;
				SWIFT_OPTIMIZATION_LEVEL = "-O";
				VALIDATE_PRODUCT = YES;
			};
			name = Release;
		};
		840791D322ECEE5B002E0BFE /* Debug */ = {
			isa = XCBuildConfiguration;
			buildSettings = {
				ASSETCATALOG_COMPILER_APPICON_NAME = AppIcon;
				CODE_SIGN_STYLE = Automatic;
				DEVELOPMENT_TEAM = X6TFAZWAZW;
				INFOPLIST_FILE = Deals/Info.plist;
				LD_RUNPATH_SEARCH_PATHS = (
					"$(inherited)",
					"@executable_path/Frameworks",
				);
				PRODUCT_BUNDLE_IDENTIFIER = com.pashtet.Deals;
				PRODUCT_NAME = "$(TARGET_NAME)";
				SWIFT_VERSION = 5.0;
				TARGETED_DEVICE_FAMILY = "1,2";
			};
			name = Debug;
		};
		840791D422ECEE5B002E0BFE /* Release */ = {
			isa = XCBuildConfiguration;
			buildSettings = {
				ASSETCATALOG_COMPILER_APPICON_NAME = AppIcon;
				CODE_SIGN_STYLE = Automatic;
				DEVELOPMENT_TEAM = X6TFAZWAZW;
				INFOPLIST_FILE = Deals/Info.plist;
				LD_RUNPATH_SEARCH_PATHS = (
					"$(inherited)",
					"@executable_path/Frameworks",
				);
				PRODUCT_BUNDLE_IDENTIFIER = com.pashtet.Deals;
				PRODUCT_NAME = "$(TARGET_NAME)";
				SWIFT_VERSION = 5.0;
				TARGETED_DEVICE_FAMILY = "1,2";
			};
			name = Release;
		};
/* End XCBuildConfiguration section */

/* Begin XCConfigurationList section */
		840791B822ECEE57002E0BFE /* Build configuration list for PBXProject "Deals" */ = {
			isa = XCConfigurationList;
			buildConfigurations = (
				840791D022ECEE5B002E0BFE /* Debug */,
				840791D122ECEE5B002E0BFE /* Release */,
			);
			defaultConfigurationIsVisible = 0;
			defaultConfigurationName = Release;
		};
		840791D222ECEE5B002E0BFE /* Build configuration list for PBXNativeTarget "Deals" */ = {
			isa = XCConfigurationList;
			buildConfigurations = (
				840791D322ECEE5B002E0BFE /* Debug */,
				840791D422ECEE5B002E0BFE /* Release */,
			);
			defaultConfigurationIsVisible = 0;
			defaultConfigurationName = Release;
		};
/* End XCConfigurationList section */

/* Begin XCVersionGroup section */
		840791C722ECEE57002E0BFE /* Deals.xcdatamodeld */ = {
			isa = XCVersionGroup;
			children = (
				840791C822ECEE57002E0BFE /* Deals.xcdatamodel */,
			);
			currentVersion = 840791C822ECEE57002E0BFE /* Deals.xcdatamodel */;
			path = Deals.xcdatamodeld;
			sourceTree = "<group>";
			versionGroupType = wrapper.xcdatamodel;
		};
/* End XCVersionGroup section */
	};
	rootObject = 840791B522ECEE57002E0BFE /* Project object */;
}
